
Microsoft Visual Studio Solution File, Format Version 12.00
# Visual Studio Version 17
VisualStudioVersion = 17.3.32519.111
MinimumVisualStudioVersion = 10.0.40219.1
Project("{9A19103F-16F7-4668-BE54-9A1E7A4F7556}") = "Rampastring.Tools", "Rampastring.Tools.csproj", "{9F40961F-535A-480C-93C5-6877ED6A8626}"
EndProject
Project("{2150E333-8FDC-42A3-9474-1A3956D46DE8}") = "Solution Items", "Solution Items", "{226035C5-BDF2-434A-AFE0-883481E51CCF}"
	ProjectSection(SolutionItems) = preProject
		.editorconfig = .editorconfig
		.github\workflows\publish.yml = .github\workflows\publish.yml
	EndProjectSection
EndProject
Global
	GlobalSection(SolutionConfigurationPlatforms) = preSolution
		Debug|Any CPU = Debug|Any CPU
		Release|Any CPU = Release|Any CPU
	EndGlobalSection
	GlobalSection(ProjectConfigurationPlatforms) = postSolution
		{9F40961F-535A-480C-93C5-6877ED6A8626}.Debug|Any CPU.ActiveCfg = Debug|Any CPU
		{9F40961F-535A-480C-93C5-6877ED6A8626}.Debug|Any CPU.Build.0 = Debug|Any CPU
		{9F40961F-535A-480C-93C5-6877ED6A8626}.Release|Any CPU.ActiveCfg = Release|Any CPU
		{9F40961F-535A-480C-93C5-6877ED6A8626}.Release|Any CPU.Build.0 = Release|Any CPU
	EndGlobalSection
	GlobalSection(SolutionProperties) = preSolution
		HideSolutionNode = FALSE
	EndGlobalSection
	GlobalSection(ExtensibilityGlobals) = postSolution
		SolutionGuid = {15D304AD-C81F-4A6C-A530-8B5896AAB2A9}
	EndGlobalSection
EndGlobal
